
Microsoft Visual Studio Solution File, Format Version 12.00
# Visual Studio Version 17
VisualStudioVersion = 17.7.34221.43
MinimumVisualStudioVersion = 10.0.40219.1
Project("{9A19103F-16F7-4668-BE54-9A1E7A4F7556}") = "Lab-10", "Lab-10\Lab-10.csproj", "{64B64DC9-BCC9-4958-95B4-56265019B357}"
EndProject
Project("{FAE04EC0-301F-11D3-BF4B-00C04F79EFBC}") = "Consolechka", "Consolechka\Consolechka.csproj", "{DF88B469-ABC6-4A76-B664-076E6F21DAF5}"
EndProject
Project("{9A19103F-16F7-4668-BE54-9A1E7A4F7556}") = "TestProject1", "TestProject1\TestProject1.csproj", "{D753B8DE-B27C-42E8-8996-BDF2AFFE080A}"
EndProject
Global
	GlobalSection(SolutionConfigurationPlatforms) = preSolution
		Debug|Any CPU = Debug|Any CPU
		Release|Any CPU = Release|Any CPU
	EndGlobalSection
	GlobalSection(ProjectConfigurationPlatforms) = postSolution
		{64B64DC9-BCC9-4958-95B4-56265019B357}.Debug|Any CPU.ActiveCfg = Debug|Any CPU
		{64B64DC9-BCC9-4958-95B4-56265019B357}.Debug|Any CPU.Build.0 = Debug|Any CPU
		{64B64DC9-BCC9-4958-95B4-56265019B357}.Release|Any CPU.ActiveCfg = Release|Any CPU
		{64B64DC9-BCC9-4958-95B4-56265019B357}.Release|Any CPU.Build.0 = Release|Any CPU
		{DF88B469-ABC6-4A76-B664-076E6F21DAF5}.Debug|Any CPU.ActiveCfg = Debug|Any CPU
		{DF88B469-ABC6-4A76-B664-076E6F21DAF5}.Debug|Any CPU.Build.0 = Debug|Any CPU
		{DF88B469-ABC6-4A76-B664-076E6F21DAF5}.Release|Any CPU.ActiveCfg = Release|Any CPU
		{DF88B469-ABC6-4A76-B664-076E6F21DAF5}.Release|Any CPU.Build.0 = Release|Any CPU
		{D753B8DE-B27C-42E8-8996-BDF2AFFE080A}.Debug|Any CPU.ActiveCfg = Debug|Any CPU
		{D753B8DE-B27C-42E8-8996-BDF2AFFE080A}.Debug|Any CPU.Build.0 = Debug|Any CPU
		{D753B8DE-B27C-42E8-8996-BDF2AFFE080A}.Release|Any CPU.ActiveCfg = Release|Any CPU
		{D753B8DE-B27C-42E8-8996-BDF2AFFE080A}.Release|Any CPU.Build.0 = Release|Any CPU
	EndGlobalSection
	GlobalSection(SolutionProperties) = preSolution
		HideSolutionNode = FALSE
	EndGlobalSection
	GlobalSection(ExtensibilityGlobals) = postSolution
		SolutionGuid = {1263F7E7-CA3E-457E-A32B-8DD96B0E3EC9}
	EndGlobalSection
EndGlobal
